// !$*UTF8*$!
{
	archiveVersion = 1;
	classes = {
	};
	objectVersion = 54;
	objects = {

/* Begin PBXBuildFile section */
		AA000002000000000000CC0D /* VibeSDRWatch.app in Embed Watch Content */ = {isa = PBXBuildFile; fileRef = AA000002000000000000CC02 /* VibeSDRWatch.app */; settings = {ATTRIBUTES = (RemoveHeadersOnCopy, ); }; };
		AA000002000000000000CC0F /* libopus.a in Frameworks */ = {isa = PBXBuildFile; fileRef = AA000002000000000000CC0E /* libopus.a */; };
		AA000002000000000000F286 /* AircraftView.swift in Sources */ = {isa = PBXBuildFile; fileRef = AA000002000000000000D286 /* AircraftView.swift */; };
		AA000002000000000000F4F0 /* AudioSocket.swift in Sources */ = {isa = PBXBuildFile; fileRef = AA000002000000000000D4F0 /* AudioSocket.swift */; };
		AA000002000000000000F4BE /* BandPlan.swift in Sources */ = {isa = PBXBuildFile; fileRef = AA000002000000000000D4BE /* BandPlan.swift */; };
		AA000002000000000000F30E /* BandwidthView.swift in Sources */ = {isa = PBXBuildFile; fileRef = AA000002000000000000D30E /* BandwidthView.swift */; };
		AA000002000000000000F49C /* Chat.swift in Sources */ = {isa = PBXBuildFile; fileRef = AA000002000000000000D49C /* Chat.swift */; };
		AA000002000000000000F972 /* ContentView.swift in Sources */ = {isa = PBXBuildFile; fileRef = AA000002000000000000D972 /* ContentView.swift */; };
		AA000002000000000000F5E4 /* ControlMenu.swift in Sources */ = {isa = PBXBuildFile; fileRef = AA000002000000000000D5E4 /* ControlMenu.swift */; };
		AA000002000000000000F484 /* CpuMeter.swift in Sources */ = {isa = PBXBuildFile; fileRef = AA000002000000000000D484 /* CpuMeter.swift */; };
		AA000002000000000000F4E6 /* DabView.swift in Sources */ = {isa = PBXBuildFile; fileRef = AA000002000000000000D4E6 /* DabView.swift */; };
		AA000002000000000000F6F1 /* FmDxClient.swift in Sources */ = {isa = PBXBuildFile; fileRef = AA000002000000000000D6F1 /* FmDxClient.swift */; };
		AA000002000000000000FF03 /* FmdxMp3Decoder.swift in Sources */ = {isa = PBXBuildFile; fileRef = AA000002000000000000DF03 /* FmdxMp3Decoder.swift */; };
		AA000002000000000000FAC4 /* FmdxSettings.swift in Sources */ = {isa = PBXBuildFile; fileRef = AA000002000000000000DAC4 /* FmdxSettings.swift */; };
		AA000002000000000000F24A /* FmdxView.swift in Sources */ = {isa = PBXBuildFile; fileRef = AA000002000000000000D24A /* FmdxView.swift */; };
		AA000002000000000000F3DF /* Gzip.swift in Sources */ = {isa = PBXBuildFile; fileRef = AA000002000000000000D3DF /* Gzip.swift */; };
		AA000002000000000000FCEF /* ImaAdpcm.swift in Sources */ = {isa = PBXBuildFile; fileRef = AA000002000000000000DCEF /* ImaAdpcm.swift */; };
		AA000002000000000000F843 /* InstancePickerView.swift in Sources */ = {isa = PBXBuildFile; fileRef = AA000002000000000000D843 /* InstancePickerView.swift */; };
		AA000002000000000000F564 /* KiwiClient.swift in Sources */ = {isa = PBXBuildFile; fileRef = AA000002000000000000D564 /* KiwiClient.swift */; };
		AA000002000000000000FD30 /* LinkManager.swift in Sources */ = {isa = PBXBuildFile; fileRef = AA000002000000000000DD30 /* LinkManager.swift */; };
		AA000002000000000000F945 /* ModeChooser.swift in Sources */ = {isa = PBXBuildFile; fileRef = AA000002000000000000D945 /* ModeChooser.swift */; };
		AA000002000000000000F238 /* NumpadView.swift in Sources */ = {isa = PBXBuildFile; fileRef = AA000002000000000000D238 /* NumpadView.swift */; };
		AA000002000000000000F9E3 /* OpusDecoder.swift in Sources */ = {isa = PBXBuildFile; fileRef = AA000002000000000000D9E3 /* OpusDecoder.swift */; };
		AA000002000000000000FAD1 /* OwrxClient.swift in Sources */ = {isa = PBXBuildFile; fileRef = AA000002000000000000DAD1 /* OwrxClient.swift */; };
		AA000002000000000000F827 /* OwrxSocket.swift in Sources */ = {isa = PBXBuildFile; fileRef = AA000002000000000000D827 /* OwrxSocket.swift */; };
		AA000002000000000000FEF8 /* PhoneClient.swift in Sources */ = {isa = PBXBuildFile; fileRef = AA000002000000000000DEF8 /* PhoneClient.swift */; };
		AA000002000000000000FF87 /* SDRDirectory.swift in Sources */ = {isa = PBXBuildFile; fileRef = AA000002000000000000DF87 /* SDRDirectory.swift */; };
		AA000002000000000000FC9C /* SignalProcessor.swift in Sources */ = {isa = PBXBuildFile; fileRef = AA000002000000000000DC9C /* SignalProcessor.swift */; };
		AA000002000000000000F246 /* SpikeLink.swift in Sources */ = {isa = PBXBuildFile; fileRef = AA000002000000000000D246 /* SpikeLink.swift */; };
		AA000002000000000000F929 /* TuneMemory.swift in Sources */ = {isa = PBXBuildFile; fileRef = AA000002000000000000D929 /* TuneMemory.swift */; };
		AA000002000000000000FAEB /* UberClient.swift in Sources */ = {isa = PBXBuildFile; fileRef = AA000002000000000000DAEB /* UberClient.swift */; };
		AA000002000000000000F99B /* VibeMdns.swift in Sources */ = {isa = PBXBuildFile; fileRef = AA000002000000000000D99B /* VibeMdns.swift */; };
		AA000002000000000000F7A4 /* VibeSDRJrApp.swift in Sources */ = {isa = PBXBuildFile; fileRef = AA000002000000000000D7A4 /* VibeSDRJrApp.swift */; };
		AA000002000000000000F078 /* Vitals.swift in Sources */ = {isa = PBXBuildFile; fileRef = AA000002000000000000D078 /* Vitals.swift */; };
		AA000002000000000000F05B /* VolumeControl.swift in Sources */ = {isa = PBXBuildFile; fileRef = AA000002000000000000D05B /* VolumeControl.swift */; };
		AA000002000000000000F062 /* WatchAudio.swift in Sources */ = {isa = PBXBuildFile; fileRef = AA000002000000000000D062 /* WatchAudio.swift */; };
		AA000002000000000000FD56 /* WatchLink.swift in Sources */ = {isa = PBXBuildFile; fileRef = AA000002000000000000DD56 /* WatchLink.swift */; };
		AA000002000000000000FB65 /* WaterfallBuffer.swift in Sources */ = {isa = PBXBuildFile; fileRef = AA000002000000000000DB65 /* WaterfallBuffer.swift */; };
		AA000002000000000000F28A /* Assets.xcassets in Resources */ = {isa = PBXBuildFile; fileRef = AA000002000000000000D28A /* Assets.xcassets */; };
		AA000002000000000000FA58 /* logo_fmdx.png in Resources */ = {isa = PBXBuildFile; fileRef = AA000002000000000000DA58 /* logo_fmdx.png */; };
		AA000002000000000000F639 /* logo_kiwi.png in Resources */ = {isa = PBXBuildFile; fileRef = AA000002000000000000D639 /* logo_kiwi.png */; };
		AA000002000000000000F6F9 /* logo_owrx.png in Resources */ = {isa = PBXBuildFile; fileRef = AA000002000000000000D6F9 /* logo_owrx.png */; };
		AA000002000000000000F2A0 /* logo_ubersdr.png in Resources */ = {isa = PBXBuildFile; fileRef = AA000002000000000000D2A0 /* logo_ubersdr.png */; };
		AA000002000000000000F73D /* rtltcp.png in Resources */ = {isa = PBXBuildFile; fileRef = AA000002000000000000D73D /* rtltcp.png */; };
		13B07FBF1A68108700A75B9A /* Images.xcassets in Resources */ = {isa = PBXBuildFile; fileRef = 13B07FB51A68108700A75B9A /* Images.xcassets */; };
		348205C0D459110F2ED2BA3D /* libPods-VibeSDR.a in Frameworks */ = {isa = PBXBuildFile; fileRef = BA976CDAEC029F7C8C1E8873 /* libPods-VibeSDR.a */; };
		3E461D99554A48A4959DE609 /* SplashScreen.storyboard in Resources */ = {isa = PBXBuildFile; fileRef = AA286B85B6C04FC6940260E9 /* SplashScreen.storyboard */; };
		59A08D71697B2308CF571DCA /* ExpoModulesProvider.swift in Sources */ = {isa = PBXBuildFile; fileRef = BD80C701468F7B7CD5EBF40E /* ExpoModulesProvider.swift */; };
		7B01B03721F0CFBC02CE6233 /* PrivacyInfo.xcprivacy in Resources */ = {isa = PBXBuildFile; fileRef = 5E9EF05888A2A290F1181236 /* PrivacyInfo.xcprivacy */; };
		A9F1D878FBB71E5FB735A713 /* PrivacyInfo.xcprivacy in Resources */ = {isa = PBXBuildFile; fileRef = 5E9EF05888A2A290F1181236 /* PrivacyInfo.xcprivacy */; };
		AA000001000000000000AAA3 /* VibePowerModule.swift in Sources */ = {isa = PBXBuildFile; fileRef = AA000001000000000000AAA1 /* VibePowerModule.swift */; };
		AA000001000000000000AAA4 /* VibePowerModule.m in Sources */ = {isa = PBXBuildFile; fileRef = AA000001000000000000AAA2 /* VibePowerModule.m */; settings = {COMPILER_FLAGS = "-fno-modules"; }; };
		AA000001000000000000AAB3 /* VibeDSP.swift in Sources */ = {isa = PBXBuildFile; fileRef = AA000001000000000000AAB1 /* VibeDSP.swift */; };
		AA000001000000000000AAC3 /* artwork_base.png in Resources */ = {isa = PBXBuildFile; fileRef = AA000001000000000000AAC1 /* artwork_base.png */; };
		AA000001000000000000AAC4 /* logo_ubersdr.png in Resources */ = {isa = PBXBuildFile; fileRef = AA000001000000000000AAC2 /* logo_ubersdr.png */; };
		AA000001000000000000AAD4 /* logo_owrx.png in Resources */ = {isa = PBXBuildFile; fileRef = AA000001000000000000AAD2 /* logo_owrx.png */; };
		AA000001000000000000AAF3 /* FmdxMp3Decoder.swift in Sources */ = {isa = PBXBuildFile; fileRef = AA000001000000000000AAF1 /* FmdxMp3Decoder.swift */; };
		AA000002000000000000EE13 /* VibeWatchModule.swift in Sources */ = {isa = PBXBuildFile; fileRef = AA000002000000000000EE11 /* VibeWatchModule.swift */; };
		AA000002000000000000EE14 /* VibeWatchModule.m in Sources */ = {isa = PBXBuildFile; fileRef = AA000002000000000000EE12 /* VibeWatchModule.m */; settings = {COMPILER_FLAGS = "-fno-modules"; }; };
		AA000002000000000000EE33 /* WatchSpectrumForwarder.swift in Sources */ = {isa = PBXBuildFile; fileRef = AA000002000000000000EE31 /* WatchSpectrumForwarder.swift */; };
		BB2F792D24A3F905000567C9 /* Expo.plist in Resources */ = {isa = PBXBuildFile; fileRef = BB2F792C24A3F905000567C9 /* Expo.plist */; };
		F11748422D0307B40044C1D9 /* AppDelegate.swift in Sources */ = {isa = PBXBuildFile; fileRef = F11748412D0307B40044C1D9 /* AppDelegate.swift */; };
/* End PBXBuildFile section */

/* Begin PBXContainerItemProxy section */
		AA000002000000000000CC0B /* PBXContainerItemProxy */ = {
			isa = PBXContainerItemProxy;
			containerPortal = 83CBB9F71A601CBA00E9B192 /* Project object */;
			proxyType = 1;
			remoteGlobalIDString = AA000002000000000000CC01;
			remoteInfo = VibeSDRWatch;
		};
/* End PBXContainerItemProxy section */

/* Begin PBXCopyFilesBuildPhase section */
		AA000002000000000000CC0A /* Embed Watch Content */ = {
			isa = PBXCopyFilesBuildPhase;
			buildActionMask = 2147483647;
			dstPath = "$(CONTENTS_FOLDER_PATH)/Watch";
			dstSubfolderSpec = 16;
			files = (
				AA000002000000000000CC0D /* VibeSDRWatch.app in Embed Watch Content */,
			);
			name = "Embed Watch Content";
			runOnlyForDeploymentPostprocessing = 0;
		};
/* End PBXCopyFilesBuildPhase section */

/* Begin PBXFileReference section */
		AA000002000000000000CC02 /* VibeSDRWatch.app */ = {isa = PBXFileReference; explicitFileType = wrapper.application; includeInIndex = 0; path = VibeSDRWatch.app; sourceTree = BUILT_PRODUCTS_DIR; };
		AA000002000000000000CC0E /* libopus.a */ = {isa = PBXFileReference; lastKnownFileType = archive.ar; path = libopus.a; sourceTree = "<group>"; };
		AA000002000000000000D286 /* AircraftView.swift */ = {isa = PBXFileReference; lastKnownFileType = sourcecode.swift; path = AircraftView.swift; sourceTree = "<group>"; };
		AA000002000000000000D4F0 /* AudioSocket.swift */ = {isa = PBXFileReference; lastKnownFileType = sourcecode.swift; path = AudioSocket.swift; sourceTree = "<group>"; };
		AA000002000000000000D4BE /* BandPlan.swift */ = {isa = PBXFileReference; lastKnownFileType = sourcecode.swift; path = BandPlan.swift; sourceTree = "<group>"; };
		AA000002000000000000D30E /* BandwidthView.swift */ = {isa = PBXFileReference; lastKnownFileType = sourcecode.swift; path = BandwidthView.swift; sourceTree = "<group>"; };
		AA000002000000000000D49C /* Chat.swift */ = {isa = PBXFileReference; lastKnownFileType = sourcecode.swift; path = Chat.swift; sourceTree = "<group>"; };
		AA000002000000000000D972 /* ContentView.swift */ = {isa = PBXFileReference; lastKnownFileType = sourcecode.swift; path = ContentView.swift; sourceTree = "<group>"; };
		AA000002000000000000D5E4 /* ControlMenu.swift */ = {isa = PBXFileReference; lastKnownFileType = sourcecode.swift; path = ControlMenu.swift; sourceTree = "<group>"; };
		AA000002000000000000D484 /* CpuMeter.swift */ = {isa = PBXFileReference; lastKnownFileType = sourcecode.swift; path = CpuMeter.swift; sourceTree = "<group>"; };
		AA000002000000000000D4E6 /* DabView.swift */ = {isa = PBXFileReference; lastKnownFileType = sourcecode.swift; path = DabView.swift; sourceTree = "<group>"; };
		AA000002000000000000D6F1 /* FmDxClient.swift */ = {isa = PBXFileReference; lastKnownFileType = sourcecode.swift; path = FmDxClient.swift; sourceTree = "<group>"; };
		AA000002000000000000DF03 /* FmdxMp3Decoder.swift */ = {isa = PBXFileReference; lastKnownFileType = sourcecode.swift; path = FmdxMp3Decoder.swift; sourceTree = "<group>"; };
		AA000002000000000000DAC4 /* FmdxSettings.swift */ = {isa = PBXFileReference; lastKnownFileType = sourcecode.swift; path = FmdxSettings.swift; sourceTree = "<group>"; };
		AA000002000000000000D24A /* FmdxView.swift */ = {isa = PBXFileReference; lastKnownFileType = sourcecode.swift; path = FmdxView.swift; sourceTree = "<group>"; };
		AA000002000000000000D3DF /* Gzip.swift */ = {isa = PBXFileReference; lastKnownFileType = sourcecode.swift; path = Gzip.swift; sourceTree = "<group>"; };
		AA000002000000000000DCEF /* ImaAdpcm.swift */ = {isa = PBXFileReference; lastKnownFileType = sourcecode.swift; path = ImaAdpcm.swift; sourceTree = "<group>"; };
		AA000002000000000000D843 /* InstancePickerView.swift */ = {isa = PBXFileReference; lastKnownFileType = sourcecode.swift; path = InstancePickerView.swift; sourceTree = "<group>"; };
		AA000002000000000000D564 /* KiwiClient.swift */ = {isa = PBXFileReference; lastKnownFileType = sourcecode.swift; path = KiwiClient.swift; sourceTree = "<group>"; };
		AA000002000000000000DD30 /* LinkManager.swift */ = {isa = PBXFileReference; lastKnownFileType = sourcecode.swift; path = LinkManager.swift; sourceTree = "<group>"; };
		AA000002000000000000D945 /* ModeChooser.swift */ = {isa = PBXFileReference; lastKnownFileType = sourcecode.swift; path = ModeChooser.swift; sourceTree = "<group>"; };
		AA000002000000000000D238 /* NumpadView.swift */ = {isa = PBXFileReference; lastKnownFileType = sourcecode.swift; path = NumpadView.swift; sourceTree = "<group>"; };
		AA000002000000000000D9E3 /* OpusDecoder.swift */ = {isa = PBXFileReference; lastKnownFileType = sourcecode.swift; path = OpusDecoder.swift; sourceTree = "<group>"; };
		AA000002000000000000DAD1 /* OwrxClient.swift */ = {isa = PBXFileReference; lastKnownFileType = sourcecode.swift; path = OwrxClient.swift; sourceTree = "<group>"; };
		AA000002000000000000D827 /* OwrxSocket.swift */ = {isa = PBXFileReference; lastKnownFileType = sourcecode.swift; path = OwrxSocket.swift; sourceTree = "<group>"; };
		AA000002000000000000DEF8 /* PhoneClient.swift */ = {isa = PBXFileReference; lastKnownFileType = sourcecode.swift; path = PhoneClient.swift; sourceTree = "<group>"; };
		AA000002000000000000DF87 /* SDRDirectory.swift */ = {isa = PBXFileReference; lastKnownFileType = sourcecode.swift; path = SDRDirectory.swift; sourceTree = "<group>"; };
		AA000002000000000000DC9C /* SignalProcessor.swift */ = {isa = PBXFileReference; lastKnownFileType = sourcecode.swift; path = SignalProcessor.swift; sourceTree = "<group>"; };
		AA000002000000000000D246 /* SpikeLink.swift */ = {isa = PBXFileReference; lastKnownFileType = sourcecode.swift; path = SpikeLink.swift; sourceTree = "<group>"; };
		AA000002000000000000D929 /* TuneMemory.swift */ = {isa = PBXFileReference; lastKnownFileType = sourcecode.swift; path = TuneMemory.swift; sourceTree = "<group>"; };
		AA000002000000000000DAEB /* UberClient.swift */ = {isa = PBXFileReference; lastKnownFileType = sourcecode.swift; path = UberClient.swift; sourceTree = "<group>"; };
		AA000002000000000000D99B /* VibeMdns.swift */ = {isa = PBXFileReference; lastKnownFileType = sourcecode.swift; path = VibeMdns.swift; sourceTree = "<group>"; };
		AA000002000000000000D7A4 /* VibeSDRJrApp.swift */ = {isa = PBXFileReference; lastKnownFileType = sourcecode.swift; path = VibeSDRJrApp.swift; sourceTree = "<group>"; };
		AA000002000000000000D078 /* Vitals.swift */ = {isa = PBXFileReference; lastKnownFileType = sourcecode.swift; path = Vitals.swift; sourceTree = "<group>"; };
		AA000002000000000000D05B /* VolumeControl.swift */ = {isa = PBXFileReference; lastKnownFileType = sourcecode.swift; path = VolumeControl.swift; sourceTree = "<group>"; };
		AA000002000000000000D062 /* WatchAudio.swift */ = {isa = PBXFileReference; lastKnownFileType = sourcecode.swift; path = WatchAudio.swift; sourceTree = "<group>"; };
		AA000002000000000000DD56 /* WatchLink.swift */ = {isa = PBXFileReference; lastKnownFileType = sourcecode.swift; path = WatchLink.swift; sourceTree = "<group>"; };
		AA000002000000000000DB65 /* WaterfallBuffer.swift */ = {isa = PBXFileReference; lastKnownFileType = sourcecode.swift; path = WaterfallBuffer.swift; sourceTree = "<group>"; };
		AA000002000000000000D28A /* Assets.xcassets */ = {isa = PBXFileReference; lastKnownFileType = folder.assetcatalog; path = Assets.xcassets; sourceTree = "<group>"; };
		AA000002000000000000DA58 /* logo_fmdx.png */ = {isa = PBXFileReference; lastKnownFileType = image.png; path = logo_fmdx.png; sourceTree = "<group>"; };
		AA000002000000000000D639 /* logo_kiwi.png */ = {isa = PBXFileReference; lastKnownFileType = image.png; path = logo_kiwi.png; sourceTree = "<group>"; };
		AA000002000000000000D6F9 /* logo_owrx.png */ = {isa = PBXFileReference; lastKnownFileType = image.png; path = logo_owrx.png; sourceTree = "<group>"; };
		AA000002000000000000D2A0 /* logo_ubersdr.png */ = {isa = PBXFileReference; lastKnownFileType = image.png; path = logo_ubersdr.png; sourceTree = "<group>"; };
		AA000002000000000000D73D /* rtltcp.png */ = {isa = PBXFileReference; lastKnownFileType = image.png; path = rtltcp.png; sourceTree = "<group>"; };
		AA000002000000000000D7B5 /* Info.plist */ = {isa = PBXFileReference; lastKnownFileType = text.plist.xml; path = Info.plist; sourceTree = "<group>"; };
		AA000002000000000000D048 /* VibeSDRWatch-Bridging-Header.h */ = {isa = PBXFileReference; lastKnownFileType = sourcecode.c.h; path = VibeSDRWatch-Bridging-Header.h; sourceTree = "<group>"; };
		13B07F961A680F5B00A75B9A /* VibeSDR.app */ = {isa = PBXFileReference; explicitFileType = wrapper.application; includeInIndex = 0; path = VibeSDR.app; sourceTree = BUILT_PRODUCTS_DIR; };
		13B07FB51A68108700A75B9A /* Images.xcassets */ = {isa = PBXFileReference; lastKnownFileType = folder.assetcatalog; name = Images.xcassets; path = VibeSDR/Images.xcassets; sourceTree = "<group>"; };
		13B07FB61A68108700A75B9A /* Info.plist */ = {isa = PBXFileReference; fileEncoding = 4; lastKnownFileType = text.plist.xml; name = Info.plist; path = VibeSDR/Info.plist; sourceTree = "<group>"; };
		5E9EF05888A2A290F1181236 /* PrivacyInfo.xcprivacy */ = {isa = PBXFileReference; includeInIndex = 1; name = PrivacyInfo.xcprivacy; path = VibeSDR/PrivacyInfo.xcprivacy; sourceTree = "<group>"; };
		A4E2299D81CB8EA18B6F9962 /* Pods-VibeSDR.release.xcconfig */ = {isa = PBXFileReference; includeInIndex = 1; lastKnownFileType = text.xcconfig; name = "Pods-VibeSDR.release.xcconfig"; path = "Target Support Files/Pods-VibeSDR/Pods-VibeSDR.release.xcconfig"; sourceTree = "<group>"; };
		AA000001000000000000AAA1 /* VibePowerModule.swift */ = {isa = PBXFileReference; lastKnownFileType = sourcecode.swift; name = VibePowerModule.swift; path = VibeSDR/VibePowerModule.swift; sourceTree = "<group>"; };
		AA000001000000000000AAA2 /* VibePowerModule.m */ = {isa = PBXFileReference; lastKnownFileType = sourcecode.c.objc; name = VibePowerModule.m; path = VibeSDR/VibePowerModule.m; sourceTree = "<group>"; };
		AA000001000000000000AAB1 /* VibeDSP.swift */ = {isa = PBXFileReference; lastKnownFileType = sourcecode.swift; name = VibeDSP.swift; path = VibeSDR/VibeDSP.swift; sourceTree = "<group>"; };
		AA000001000000000000AAC1 /* artwork_base.png */ = {isa = PBXFileReference; lastKnownFileType = image.png; name = artwork_base.png; path = VibeSDR/artwork_base.png; sourceTree = "<group>"; };
		AA000001000000000000AAC2 /* logo_ubersdr.png */ = {isa = PBXFileReference; lastKnownFileType = image.png; name = logo_ubersdr.png; path = VibeSDR/logo_ubersdr.png; sourceTree = "<group>"; };
		AA000001000000000000AAD2 /* logo_owrx.png */ = {isa = PBXFileReference; lastKnownFileType = image.png; name = logo_owrx.png; path = VibeSDR/logo_owrx.png; sourceTree = "<group>"; };
		AA000001000000000000AAF1 /* FmdxMp3Decoder.swift */ = {isa = PBXFileReference; lastKnownFileType = sourcecode.swift; name = FmdxMp3Decoder.swift; path = VibeSDR/FmdxMp3Decoder.swift; sourceTree = "<group>"; };
		AA000002000000000000EE11 /* VibeWatchModule.swift */ = {isa = PBXFileReference; lastKnownFileType = sourcecode.swift; name = VibeWatchModule.swift; path = VibeSDR/VibeWatchModule.swift; sourceTree = "<group>"; };
		AA000002000000000000EE12 /* VibeWatchModule.m */ = {isa = PBXFileReference; lastKnownFileType = sourcecode.c.objc; name = VibeWatchModule.m; path = VibeSDR/VibeWatchModule.m; sourceTree = "<group>"; };
		AA000002000000000000EE31 /* WatchSpectrumForwarder.swift */ = {isa = PBXFileReference; lastKnownFileType = sourcecode.swift; name = WatchSpectrumForwarder.swift; path = VibeSDR/WatchSpectrumForwarder.swift; sourceTree = "<group>"; };
		AA286B85B6C04FC6940260E9 /* SplashScreen.storyboard */ = {isa = PBXFileReference; fileEncoding = 4; lastKnownFileType = file.storyboard; name = SplashScreen.storyboard; path = VibeSDR/SplashScreen.storyboard; sourceTree = "<group>"; };
		BA976CDAEC029F7C8C1E8873 /* libPods-VibeSDR.a */ = {isa = PBXFileReference; explicitFileType = archive.ar; includeInIndex = 0; path = "libPods-VibeSDR.a"; sourceTree = BUILT_PRODUCTS_DIR; };
		BB2F792C24A3F905000567C9 /* Expo.plist */ = {isa = PBXFileReference; fileEncoding = 4; lastKnownFileType = text.plist.xml; path = Expo.plist; sourceTree = "<group>"; };
		BD80C701468F7B7CD5EBF40E /* ExpoModulesProvider.swift */ = {isa = PBXFileReference; includeInIndex = 1; lastKnownFileType = sourcecode.swift; name = ExpoModulesProvider.swift; path = "Pods/Target Support Files/Pods-VibeSDR/ExpoModulesProvider.swift"; sourceTree = "<group>"; };
		BDE2697BFF3E4C598287A545 /* Pods-VibeSDR.debug.xcconfig */ = {isa = PBXFileReference; includeInIndex = 1; lastKnownFileType = text.xcconfig; name = "Pods-VibeSDR.debug.xcconfig"; path = "Target Support Files/Pods-VibeSDR/Pods-VibeSDR.debug.xcconfig"; sourceTree = "<group>"; };
		ED297162215061F000B7C4FE /* JavaScriptCore.framework */ = {isa = PBXFileReference; lastKnownFileType = wrapper.framework; name = JavaScriptCore.framework; path = System/Library/Frameworks/JavaScriptCore.framework; sourceTree = SDKROOT; };
		F11748412D0307B40044C1D9 /* AppDelegate.swift */ = {isa = PBXFileReference; lastKnownFileType = sourcecode.swift; name = AppDelegate.swift; path = VibeSDR/AppDelegate.swift; sourceTree = "<group>"; };
		F11748442D0722820044C1D9 /* VibeSDR-Bridging-Header.h */ = {isa = PBXFileReference; lastKnownFileType = sourcecode.c.h; name = "VibeSDR-Bridging-Header.h"; path = "VibeSDR/VibeSDR-Bridging-Header.h"; sourceTree = "<group>"; };
/* End PBXFileReference section */

/* Begin PBXFrameworksBuildPhase section */
		AA000002000000000000CC06 /* Frameworks */ = {
			isa = PBXFrameworksBuildPhase;
			buildActionMask = 2147483647;
			files = (
				AA000002000000000000CC0F /* libopus.a in Frameworks */,
			);
			runOnlyForDeploymentPostprocessing = 0;
		};
		13B07F8C1A680F5B00A75B9A /* Frameworks */ = {
			isa = PBXFrameworksBuildPhase;
			buildActionMask = 2147483647;
			files = (
				348205C0D459110F2ED2BA3D /* libPods-VibeSDR.a in Frameworks */,
			);
			runOnlyForDeploymentPostprocessing = 0;
		};
/* End PBXFrameworksBuildPhase section */

/* Begin PBXGroup section */
		AA000002000000000000CC03 /* VibeSDRWatch */ = {
			isa = PBXGroup;
			children = (
				AA000002000000000000D286 /* AircraftView.swift */,
				AA000002000000000000D4F0 /* AudioSocket.swift */,
				AA000002000000000000D4BE /* BandPlan.swift */,
				AA000002000000000000D30E /* BandwidthView.swift */,
				AA000002000000000000D49C /* Chat.swift */,
				AA000002000000000000D972 /* ContentView.swift */,
				AA000002000000000000D5E4 /* ControlMenu.swift */,
				AA000002000000000000D484 /* CpuMeter.swift */,
				AA000002000000000000D4E6 /* DabView.swift */,
				AA000002000000000000D6F1 /* FmDxClient.swift */,
				AA000002000000000000DF03 /* FmdxMp3Decoder.swift */,
				AA000002000000000000DAC4 /* FmdxSettings.swift */,
				AA000002000000000000D24A /* FmdxView.swift */,
				AA000002000000000000D3DF /* Gzip.swift */,
				AA000002000000000000DCEF /* ImaAdpcm.swift */,
				AA000002000000000000D843 /* InstancePickerView.swift */,
				AA000002000000000000D564 /* KiwiClient.swift */,
				AA000002000000000000DD30 /* LinkManager.swift */,
				AA000002000000000000D945 /* ModeChooser.swift */,
				AA000002000000000000D238 /* NumpadView.swift */,
				AA000002000000000000D9E3 /* OpusDecoder.swift */,
				AA000002000000000000DAD1 /* OwrxClient.swift */,
				AA000002000000000000D827 /* OwrxSocket.swift */,
				AA000002000000000000DEF8 /* PhoneClient.swift */,
				AA000002000000000000DF87 /* SDRDirectory.swift */,
				AA000002000000000000DC9C /* SignalProcessor.swift */,
				AA000002000000000000D246 /* SpikeLink.swift */,
				AA000002000000000000D929 /* TuneMemory.swift */,
				AA000002000000000000DAEB /* UberClient.swift */,
				AA000002000000000000D99B /* VibeMdns.swift */,
				AA000002000000000000D7A4 /* VibeSDRJrApp.swift */,
				AA000002000000000000D078 /* Vitals.swift */,
				AA000002000000000000D05B /* VolumeControl.swift */,
				AA000002000000000000D062 /* WatchAudio.swift */,
				AA000002000000000000DD56 /* WatchLink.swift */,
				AA000002000000000000DB65 /* WaterfallBuffer.swift */,
				AA000002000000000000D28A /* Assets.xcassets */,
				AA000002000000000000D7B5 /* Info.plist */,
				AA000002000000000000D048 /* VibeSDRWatch-Bridging-Header.h */,
				AA000002000000000000CC10 /* Logos */,
				AA000002000000000000CC11 /* opus */,
			);
			path = VibeSDRWatch;
			sourceTree = "<group>";
		};
		AA000002000000000000CC10 /* Logos */ = {
			isa = PBXGroup;
			children = (
				AA000002000000000000DA58 /* logo_fmdx.png */,
				AA000002000000000000D639 /* logo_kiwi.png */,
				AA000002000000000000D6F9 /* logo_owrx.png */,
				AA000002000000000000D2A0 /* logo_ubersdr.png */,
				AA000002000000000000D73D /* rtltcp.png */,
			);
			path = Logos;
			sourceTree = "<group>";
		};
		AA000002000000000000CC11 /* opus */ = {
			isa = PBXGroup;
			children = (
				AA000002000000000000CC0E /* libopus.a */,
			);
			path = opus;
			sourceTree = "<group>";
		};
		13B07FAE1A68108700A75B9A /* VibeSDR */ = {
			isa = PBXGroup;
			children = (
				AA000001000000000000AAA1 /* VibePowerModule.swift */,
				AA000001000000000000AAF1 /* FmdxMp3Decoder.swift */,
				AA000001000000000000AAB1 /* VibeDSP.swift */,
				AA000001000000000000AAA2 /* VibePowerModule.m */,
				AA000002000000000000EE11 /* VibeWatchModule.swift */,
				AA000002000000000000EE31 /* WatchSpectrumForwarder.swift */,
				AA000002000000000000EE12 /* VibeWatchModule.m */,
				F11748412D0307B40044C1D9 /* AppDelegate.swift */,
				F11748442D0722820044C1D9 /* VibeSDR-Bridging-Header.h */,
				BB2F792B24A3F905000567C9 /* Supporting */,
				13B07FB51A68108700A75B9A /* Images.xcassets */,
				AA000001000000000000AAC1 /* artwork_base.png */,
				AA000001000000000000AAC2 /* logo_ubersdr.png */,
				AA000001000000000000AAD2 /* logo_owrx.png */,
				13B07FB61A68108700A75B9A /* Info.plist */,
				AA286B85B6C04FC6940260E9 /* SplashScreen.storyboard */,
				5E9EF05888A2A290F1181236 /* PrivacyInfo.xcprivacy */,
			);
			name = VibeSDR;
			sourceTree = "<group>";
		};
		2C1526186256312C5177521B /* VibeSDR */ = {
			isa = PBXGroup;
			children = (
				BD80C701468F7B7CD5EBF40E /* ExpoModulesProvider.swift */,
			);
			name = VibeSDR;
			sourceTree = "<group>";
		};
		2D16E6871FA4F8E400B85C8A /* Frameworks */ = {
			isa = PBXGroup;
			children = (
				ED297162215061F000B7C4FE /* JavaScriptCore.framework */,
				BA976CDAEC029F7C8C1E8873 /* libPods-VibeSDR.a */,
			);
			name = Frameworks;
			sourceTree = "<group>";
		};
		4DB1E46FF0251EA74FB079C5 /* Pods */ = {
			isa = PBXGroup;
			children = (
				BDE2697BFF3E4C598287A545 /* Pods-VibeSDR.debug.xcconfig */,
				A4E2299D81CB8EA18B6F9962 /* Pods-VibeSDR.release.xcconfig */,
			);
			name = Pods;
			path = Pods;
			sourceTree = "<group>";
		};
		832341AE1AAA6A7D00B99B32 /* Libraries */ = {
			isa = PBXGroup;
			children = (
			);
			name = Libraries;
			sourceTree = "<group>";
		};
		83CBB9F61A601CBA00E9B192 = {
			isa = PBXGroup;
			children = (
				13B07FAE1A68108700A75B9A /* VibeSDR */,
				AA000002000000000000CC03 /* VibeSDRWatch */,
				832341AE1AAA6A7D00B99B32 /* Libraries */,
				83CBBA001A601CBA00E9B192 /* Products */,
				2D16E6871FA4F8E400B85C8A /* Frameworks */,
				4DB1E46FF0251EA74FB079C5 /* Pods */,
				CE9C6D9F7FC6BFD2ECDAAFA9 /* ExpoModulesProviders */,
			);
			indentWidth = 2;
			sourceTree = "<group>";
			tabWidth = 2;
			usesTabs = 0;
		};
		83CBBA001A601CBA00E9B192 /* Products */ = {
			isa = PBXGroup;
			children = (
				13B07F961A680F5B00A75B9A /* VibeSDR.app */,
				AA000002000000000000CC02 /* VibeSDRWatch.app */,
			);
			name = Products;
			sourceTree = "<group>";
		};
		BB2F792B24A3F905000567C9 /* Supporting */ = {
			isa = PBXGroup;
			children = (
				BB2F792C24A3F905000567C9 /* Expo.plist */,
			);
			name = Supporting;
			path = VibeSDR/Supporting;
			sourceTree = "<group>";
		};
		CE9C6D9F7FC6BFD2ECDAAFA9 /* ExpoModulesProviders */ = {
			isa = PBXGroup;
			children = (
				2C1526186256312C5177521B /* VibeSDR */,
			);
			name = ExpoModulesProviders;
			sourceTree = "<group>";
		};
/* End PBXGroup section */

/* Begin PBXNativeTarget section */
		AA000002000000000000CC01 /* VibeSDRWatch */ = {
			isa = PBXNativeTarget;
			buildConfigurationList = AA000002000000000000CC07 /* Build configuration list for PBXNativeTarget "VibeSDRWatch" */;
			buildPhases = (
				AA000002000000000000CC04 /* Sources */,
				AA000002000000000000CC06 /* Frameworks */,
				AA000002000000000000CC05 /* Resources */,
			);
			buildRules = (
			);
			dependencies = (
			);
			name = VibeSDRWatch;
			productName = VibeSDRWatch;
			productReference = AA000002000000000000CC02 /* VibeSDRWatch.app */;
			productType = "com.apple.product-type.application";
		};
		13B07F861A680F5B00A75B9A /* VibeSDR */ = {
			isa = PBXNativeTarget;
			buildConfigurationList = 13B07F931A680F5B00A75B9A /* Build configuration list for PBXNativeTarget "VibeSDR" */;
			buildPhases = (
				08A4A3CD28434E44B6B9DE2E /* [CP] Check Pods Manifest.lock */,
				06C5A6DA8AE31BF51273F40A /* [Expo] Configure project */,
				13B07F871A680F5B00A75B9A /* Sources */,
				13B07F8C1A680F5B00A75B9A /* Frameworks */,
				13B07F8E1A680F5B00A75B9A /* Resources */,
				00DD1BFF1BD5951E006B06BC /* Bundle React Native code and images */,
				800E24972A6A228C8D4807E9 /* [CP] Copy Pods Resources */,
				10C73867A2BA46D35DE1947C /* [CP] Embed Pods Frameworks */,
				AA000002000000000000CC0A /* Embed Watch Content */,
			);
			buildRules = (
			);
			dependencies = (
				AA000002000000000000CC0C /* PBXTargetDependency */,
			);
			name = VibeSDR;
			productName = VibeSDR;
			productReference = 13B07F961A680F5B00A75B9A /* VibeSDR.app */;
			productType = "com.apple.product-type.application";
		};
/* End PBXNativeTarget section */

/* Begin PBXProject section */
		83CBB9F71A601CBA00E9B192 /* Project object */ = {
			isa = PBXProject;
			attributes = {
				LastUpgradeCheck = 1130;
				TargetAttributes = {
					AA000002000000000000CC01 = {
						CreatedOnToolsVersion = 26.0;
					};
					13B07F861A680F5B00A75B9A = {
						LastSwiftMigration = 1250;
					};
				};
			};
			buildConfigurationList = 83CBB9FA1A601CBA00E9B192 /* Build configuration list for PBXProject "VibeSDR" */;
			compatibilityVersion = "Xcode 3.2";
			developmentRegion = en;
			hasScannedForEncodings = 0;
			knownRegions = (
				en,
				Base,
			);
			mainGroup = 83CBB9F61A601CBA00E9B192;
			productRefGroup = 83CBBA001A601CBA00E9B192 /* Products */;
			projectDirPath = "";
			projectRoot = "";
			targets = (
				13B07F861A680F5B00A75B9A /* VibeSDR */,
				AA000002000000000000CC01 /* VibeSDRWatch */,
			);
		};
/* End PBXProject section */

/* Begin PBXResourcesBuildPhase section */
		AA000002000000000000CC05 /* Resources */ = {
			isa = PBXResourcesBuildPhase;
			buildActionMask = 2147483647;
			files = (
				AA000002000000000000F28A /* Assets.xcassets in Resources */,
				AA000002000000000000FA58 /* logo_fmdx.png in Resources */,
				AA000002000000000000F639 /* logo_kiwi.png in Resources */,
				AA000002000000000000F6F9 /* logo_owrx.png in Resources */,
				AA000002000000000000F2A0 /* logo_ubersdr.png in Resources */,
				AA000002000000000000F73D /* rtltcp.png in Resources */,
			);
			runOnlyForDeploymentPostprocessing = 0;
		};
		13B07F8E1A680F5B00A75B9A /* Resources */ = {
			isa = PBXResourcesBuildPhase;
			buildActionMask = 2147483647;
			files = (
				BB2F792D24A3F905000567C9 /* Expo.plist in Resources */,
				13B07FBF1A68108700A75B9A /* Images.xcassets in Resources */,
				AA000001000000000000AAC3 /* artwork_base.png in Resources */,
				AA000001000000000000AAC4 /* logo_ubersdr.png in Resources */,
				AA000001000000000000AAD4 /* logo_owrx.png in Resources */,
				3E461D99554A48A4959DE609 /* SplashScreen.storyboard in Resources */,
				A9F1D878FBB71E5FB735A713 /* PrivacyInfo.xcprivacy in Resources */,
			);
			runOnlyForDeploymentPostprocessing = 0;
		};
/* End PBXResourcesBuildPhase section */

/* Begin PBXShellScriptBuildPhase section */
		00DD1BFF1BD5951E006B06BC /* Bundle React Native code and images */ = {
			isa = PBXShellScriptBuildPhase;
			alwaysOutOfDate = 1;
			buildActionMask = 2147483647;
			files = (
			);
			inputPaths = (
				"$(SRCROOT)/.xcode.env",
				"$(SRCROOT)/.xcode.env.local",
			);
			name = "Bundle React Native code and images";
			outputPaths = (
			);
			runOnlyForDeploymentPostprocessing = 0;
			shellPath = /bin/sh;
			shellScript = "if [[ -f \"$PODS_ROOT/../.xcode.env\" ]]; then\n  source \"$PODS_ROOT/../.xcode.env\"\nfi\nif [[ -f \"$PODS_ROOT/../.xcode.env.local\" ]]; then\n  source \"$PODS_ROOT/../.xcode.env.local\"\nfi\n\n# The project root by default is one level up from the ios directory\nexport PROJECT_ROOT=\"$PROJECT_DIR\"/..\n\nif [[ \"$CONFIGURATION\" = *Debug* ]]; then\n  export SKIP_BUNDLING=1\nfi\nif [[ -z \"$ENTRY_FILE\" ]]; then\n  # Set the entry JS file using the bundler's entry resolution.\n  export ENTRY_FILE=\"$(\"$NODE_BINARY\" -e \"require('expo/scripts/resolveAppEntry')\" \"$PROJECT_ROOT\" ios absolute | tail -n 1)\"\nfi\n\nif [[ -z \"$CLI_PATH\" ]]; then\n  # Use Expo CLI\n  export CLI_PATH=\"$(\"$NODE_BINARY\" --print \"require.resolve('@expo/cli', { paths: [require.resolve('expo/package.json')] })\")\"\nfi\nif [[ -z \"$BUNDLE_COMMAND\" ]]; then\n  # Default Expo CLI command for bundling\n  export BUNDLE_COMMAND=\"export:embed\"\nfi\n\n# Source .xcode.env.updates if it exists to allow\n# SKIP_BUNDLING to be unset if needed\nif [[ -f \"$PODS_ROOT/../.xcode.env.updates\" ]]; then\n  source \"$PODS_ROOT/../.xcode.env.updates\"\nfi\n# Source local changes to allow overrides\n# if needed\nif [[ -f \"$PODS_ROOT/../.xcode.env.local\" ]]; then\n  source \"$PODS_ROOT/../.xcode.env.local\"\nfi\n\n`\"$NODE_BINARY\" --print \"require('path').dirname(require.resolve('react-native/package.json')) + '/scripts/react-native-xcode.sh'\"`\n\n";
		};
		06C5A6DA8AE31BF51273F40A /* [Expo] Configure project */ = {
			isa = PBXShellScriptBuildPhase;
			alwaysOutOfDate = 1;
			buildActionMask = 2147483647;
			files = (
			);
			inputFileListPaths = (
			);
			inputPaths = (
				"$(SRCROOT)/.xcode.env",
				"$(SRCROOT)/.xcode.env.local",
				"$(SRCROOT)/VibeSDR/VibeSDR.entitlements",
				"$(SRCROOT)/Pods/Target Support Files/Pods-VibeSDR/expo-configure-project.sh",
			);
			name = "[Expo] Configure project";
			outputFileListPaths = (
			);
			outputPaths = (
				"$(SRCROOT)/Pods/Target Support Files/Pods-VibeSDR/ExpoModulesProvider.swift",
			);
			runOnlyForDeploymentPostprocessing = 0;
			shellPath = /bin/sh;
			shellScript = "# This script configures Expo modules and generates the modules provider file.\nbash -l -c \"./Pods/Target\\ Support\\ Files/Pods-VibeSDR/expo-configure-project.sh\"\n";
		};
		08A4A3CD28434E44B6B9DE2E /* [CP] Check Pods Manifest.lock */ = {
			isa = PBXShellScriptBuildPhase;
			buildActionMask = 2147483647;
			files = (
			);
			inputFileListPaths = (
			);
			inputPaths = (
				"${PODS_PODFILE_DIR_PATH}/Podfile.lock",
				"${PODS_ROOT}/Manifest.lock",
			);
			name = "[CP] Check Pods Manifest.lock";
			outputFileListPaths = (
			);
			outputPaths = (
				"$(DERIVED_FILE_DIR)/Pods-VibeSDR-checkManifestLockResult.txt",
			);
			runOnlyForDeploymentPostprocessing = 0;
			shellPath = /bin/sh;
			shellScript = "diff \"${PODS_PODFILE_DIR_PATH}/Podfile.lock\" \"${PODS_ROOT}/Manifest.lock\" > /dev/null\nif [ $? != 0 ] ; then\n    # print error to STDERR\n    echo \"error: The sandbox is not in sync with the Podfile.lock. Run 'pod install' or update your CocoaPods installation.\" >&2\n    exit 1\nfi\n# This output is used by Xcode 'outputs' to avoid re-running this script phase.\necho \"SUCCESS\" > \"${SCRIPT_OUTPUT_FILE_0}\"\n";
			showEnvVarsInLog = 0;
		};
		10C73867A2BA46D35DE1947C /* [CP] Embed Pods Frameworks */ = {
			isa = PBXShellScriptBuildPhase;
			buildActionMask = 2147483647;
			files = (
			);
			inputPaths = (
				"${PODS_ROOT}/Target Support Files/Pods-VibeSDR/Pods-VibeSDR-frameworks.sh",
				"${PODS_XCFRAMEWORKS_BUILD_DIR}/ExpoFileSystem/ExpoFileSystem.framework/ExpoFileSystem",
				"${PODS_XCFRAMEWORKS_BUILD_DIR}/ExpoFont/ExpoFont.framework/ExpoFont",
				"${PODS_XCFRAMEWORKS_BUILD_DIR}/ExpoModulesCore/ExpoModulesCore.framework/ExpoModulesCore",
				"${PODS_XCFRAMEWORKS_BUILD_DIR}/ExpoModulesJSI/ExpoModulesJSI.framework/ExpoModulesJSI",
				"${PODS_XCFRAMEWORKS_BUILD_DIR}/ExpoModulesWorklets/ExpoModulesWorklets.framework/ExpoModulesWorklets",
				"${PODS_XCFRAMEWORKS_BUILD_DIR}/React-Core-prebuilt/React.framework/React",
				"${PODS_XCFRAMEWORKS_BUILD_DIR}/ReactNativeDependencies/ReactNativeDependencies.framework/ReactNativeDependencies",
				"${PODS_XCFRAMEWORKS_BUILD_DIR}/hermes-engine/Pre-built/hermesvm.framework/hermesvm",
			);
			name = "[CP] Embed Pods Frameworks";
			outputPaths = (
				"${TARGET_BUILD_DIR}/${FRAMEWORKS_FOLDER_PATH}/ExpoFileSystem.framework",
				"${TARGET_BUILD_DIR}/${FRAMEWORKS_FOLDER_PATH}/ExpoFont.framework",
				"${TARGET_BUILD_DIR}/${FRAMEWORKS_FOLDER_PATH}/ExpoModulesCore.framework",
				"${TARGET_BUILD_DIR}/${FRAMEWORKS_FOLDER_PATH}/ExpoModulesJSI.framework",
				"${TARGET_BUILD_DIR}/${FRAMEWORKS_FOLDER_PATH}/ExpoModulesWorklets.framework",
				"${TARGET_BUILD_DIR}/${FRAMEWORKS_FOLDER_PATH}/React.framework",
				"${TARGET_BUILD_DIR}/${FRAMEWORKS_FOLDER_PATH}/ReactNativeDependencies.framework",
				"${TARGET_BUILD_DIR}/${FRAMEWORKS_FOLDER_PATH}/hermesvm.framework",
			);
			runOnlyForDeploymentPostprocessing = 0;
			shellPath = /bin/sh;
			shellScript = "\"${PODS_ROOT}/Target Support Files/Pods-VibeSDR/Pods-VibeSDR-frameworks.sh\"\n";
			showEnvVarsInLog = 0;
		};
		800E24972A6A228C8D4807E9 /* [CP] Copy Pods Resources */ = {
			isa = PBXShellScriptBuildPhase;
			buildActionMask = 2147483647;
			files = (
			);
			inputPaths = (
				"${PODS_ROOT}/Target Support Files/Pods-VibeSDR/Pods-VibeSDR-resources.sh",
				"${PODS_CONFIGURATION_BUILD_DIR}/EXConstants/EXConstants.bundle",
				"${PODS_CONFIGURATION_BUILD_DIR}/EXConstants/ExpoConstants_privacy.bundle",
				"${PODS_CONFIGURATION_BUILD_DIR}/ExpoFileSystem/ExpoFileSystem_privacy.bundle",
				"${PODS_CONFIGURATION_BUILD_DIR}/RNCAsyncStorage/RNCAsyncStorage_resources.bundle",
				"${PODS_CONFIGURATION_BUILD_DIR}/RNSVG/RNSVGFilters.bundle",
				"${PODS_CONFIGURATION_BUILD_DIR}/React-Core/React-Core_privacy.bundle",
				"${PODS_CONFIGURATION_BUILD_DIR}/React-cxxreact/React-cxxreact_privacy.bundle",
				"${PODS_CONFIGURATION_BUILD_DIR}/React-timing/React-timing_privacy.bundle",
			);
			name = "[CP] Copy Pods Resources";
			outputPaths = (
				"${TARGET_BUILD_DIR}/${UNLOCALIZED_RESOURCES_FOLDER_PATH}/EXConstants.bundle",
				"${TARGET_BUILD_DIR}/${UNLOCALIZED_RESOURCES_FOLDER_PATH}/ExpoConstants_privacy.bundle",
				"${TARGET_BUILD_DIR}/${UNLOCALIZED_RESOURCES_FOLDER_PATH}/ExpoFileSystem_privacy.bundle",
				"${TARGET_BUILD_DIR}/${UNLOCALIZED_RESOURCES_FOLDER_PATH}/RNCAsyncStorage_resources.bundle",
				"${TARGET_BUILD_DIR}/${UNLOCALIZED_RESOURCES_FOLDER_PATH}/RNSVGFilters.bundle",
				"${TARGET_BUILD_DIR}/${UNLOCALIZED_RESOURCES_FOLDER_PATH}/React-Core_privacy.bundle",
				"${TARGET_BUILD_DIR}/${UNLOCALIZED_RESOURCES_FOLDER_PATH}/React-cxxreact_privacy.bundle",
				"${TARGET_BUILD_DIR}/${UNLOCALIZED_RESOURCES_FOLDER_PATH}/React-timing_privacy.bundle",
			);
			runOnlyForDeploymentPostprocessing = 0;
			shellPath = /bin/sh;
			shellScript = "\"${PODS_ROOT}/Target Support Files/Pods-VibeSDR/Pods-VibeSDR-resources.sh\"\n";
			showEnvVarsInLog = 0;
		};
/* End PBXShellScriptBuildPhase section */

/* Begin PBXSourcesBuildPhase section */
		AA000002000000000000CC04 /* Sources */ = {
			isa = PBXSourcesBuildPhase;
			buildActionMask = 2147483647;
			files = (
				AA000002000000000000F286 /* AircraftView.swift in Sources */,
				AA000002000000000000F4F0 /* AudioSocket.swift in Sources */,
				AA000002000000000000F4BE /* BandPlan.swift in Sources */,
				AA000002000000000000F30E /* BandwidthView.swift in Sources */,
				AA000002000000000000F49C /* Chat.swift in Sources */,
				AA000002000000000000F972 /* ContentView.swift in Sources */,
				AA000002000000000000F5E4 /* ControlMenu.swift in Sources */,
				AA000002000000000000F484 /* CpuMeter.swift in Sources */,
				AA000002000000000000F4E6 /* DabView.swift in Sources */,
				AA000002000000000000F6F1 /* FmDxClient.swift in Sources */,
				AA000002000000000000FF03 /* FmdxMp3Decoder.swift in Sources */,
				AA000002000000000000FAC4 /* FmdxSettings.swift in Sources */,
				AA000002000000000000F24A /* FmdxView.swift in Sources */,
				AA000002000000000000F3DF /* Gzip.swift in Sources */,
				AA000002000000000000FCEF /* ImaAdpcm.swift in Sources */,
				AA000002000000000000F843 /* InstancePickerView.swift in Sources */,
				AA000002000000000000F564 /* KiwiClient.swift in Sources */,
				AA000002000000000000FD30 /* LinkManager.swift in Sources */,
				AA000002000000000000F945 /* ModeChooser.swift in Sources */,
				AA000002000000000000F238 /* NumpadView.swift in Sources */,
				AA000002000000000000F9E3 /* OpusDecoder.swift in Sources */,
				AA000002000000000000FAD1 /* OwrxClient.swift in Sources */,
				AA000002000000000000F827 /* OwrxSocket.swift in Sources */,
				AA000002000000000000FEF8 /* PhoneClient.swift in Sources */,
				AA000002000000000000FF87 /* SDRDirectory.swift in Sources */,
				AA000002000000000000FC9C /* SignalProcessor.swift in Sources */,
				AA000002000000000000F246 /* SpikeLink.swift in Sources */,
				AA000002000000000000F929 /* TuneMemory.swift in Sources */,
				AA000002000000000000FAEB /* UberClient.swift in Sources */,
				AA000002000000000000F99B /* VibeMdns.swift in Sources */,
				AA000002000000000000F7A4 /* VibeSDRJrApp.swift in Sources */,
				AA000002000000000000F078 /* Vitals.swift in Sources */,
				AA000002000000000000F05B /* VolumeControl.swift in Sources */,
				AA000002000000000000F062 /* WatchAudio.swift in Sources */,
				AA000002000000000000FD56 /* WatchLink.swift in Sources */,
				AA000002000000000000FB65 /* WaterfallBuffer.swift in Sources */,
			);
			runOnlyForDeploymentPostprocessing = 0;
		};
		13B07F871A680F5B00A75B9A /* Sources */ = {
			isa = PBXSourcesBuildPhase;
			buildActionMask = 2147483647;
			files = (
				AA000001000000000000AAA3 /* VibePowerModule.swift in Sources */,
				AA000001000000000000AAF3 /* FmdxMp3Decoder.swift in Sources */,
				AA000001000000000000AAB3 /* VibeDSP.swift in Sources */,
				AA000001000000000000AAA4 /* VibePowerModule.m in Sources */,
				AA000002000000000000EE13 /* VibeWatchModule.swift in Sources */,
				AA000002000000000000EE33 /* WatchSpectrumForwarder.swift in Sources */,
				AA000002000000000000EE14 /* VibeWatchModule.m in Sources */,
				F11748422D0307B40044C1D9 /* AppDelegate.swift in Sources */,
				59A08D71697B2308CF571DCA /* ExpoModulesProvider.swift in Sources */,
			);
			runOnlyForDeploymentPostprocessing = 0;
		};
/* End PBXSourcesBuildPhase section */

/* Begin PBXTargetDependency section */
		AA000002000000000000CC0C /* PBXTargetDependency */ = {
			isa = PBXTargetDependency;
			target = AA000002000000000000CC01 /* VibeSDRWatch */;
			targetProxy = AA000002000000000000CC0B /* PBXContainerItemProxy */;
		};
/* End PBXTargetDependency section */

/* Begin XCBuildConfiguration section */
		AA000002000000000000CC08 /* Debug */ = {
			isa = XCBuildConfiguration;
			buildSettings = {
				ARCHS = arm64;
				ASSETCATALOG_COMPILER_APPICON_NAME = AppIcon;
				CLANG_ENABLE_MODULES = YES;
				CODE_SIGN_STYLE = Automatic;
				CURRENT_PROJECT_VERSION = 71;
				DEVELOPMENT_TEAM = 6PV2X6THHM;
				GENERATE_INFOPLIST_FILE = NO;
				HEADER_SEARCH_PATHS = (
					"$(inherited)",
					"$(SRCROOT)/VibeSDRWatch/opus/include/opus",
				);
				INFOPLIST_FILE = VibeSDRWatch/Info.plist;
				LD_RUNPATH_SEARCH_PATHS = (
					"$(inherited)",
					"@executable_path/Frameworks",
				);
				LIBRARY_SEARCH_PATHS = (
					"$(inherited)",
					"$(SRCROOT)/VibeSDRWatch/opus",
				);
				MARKETING_VERSION = 9.0.2;
				OTHER_CFLAGS = "$(inherited)";
				OTHER_CPLUSPLUSFLAGS = "$(inherited)";
				PRODUCT_BUNDLE_IDENTIFIER = com.vibesdr.app.watchkitapp;
				PRODUCT_NAME = "$(TARGET_NAME)";
				SDKROOT = watchos;
				SKIP_INSTALL = YES;
				SUPPORTED_PLATFORMS = "watchos watchsimulator";
				SWIFT_OBJC_BRIDGING_HEADER = "VibeSDRWatch/VibeSDRWatch-Bridging-Header.h";
				SWIFT_OPTIMIZATION_LEVEL = "-Onone";
				SWIFT_VERSION = 5.0;
				TARGETED_DEVICE_FAMILY = 4;
				WATCHOS_DEPLOYMENT_TARGET = 26.0;
			};
			name = Debug;
		};
		AA000002000000000000CC09 /* Release */ = {
			isa = XCBuildConfiguration;
			buildSettings = {
				ARCHS = arm64;
				ASSETCATALOG_COMPILER_APPICON_NAME = AppIcon;
				CLANG_ENABLE_MODULES = YES;
				CODE_SIGN_STYLE = Automatic;
				CURRENT_PROJECT_VERSION = 71;
				DEVELOPMENT_TEAM = 6PV2X6THHM;
				GENERATE_INFOPLIST_FILE = NO;
				HEADER_SEARCH_PATHS = (
					"$(inherited)",
					"$(SRCROOT)/VibeSDRWatch/opus/include/opus",
				);
				INFOPLIST_FILE = VibeSDRWatch/Info.plist;
				LD_RUNPATH_SEARCH_PATHS = (
					"$(inherited)",
					"@executable_path/Frameworks",
				);
				LIBRARY_SEARCH_PATHS = (
					"$(inherited)",
					"$(SRCROOT)/VibeSDRWatch/opus",
				);
				MARKETING_VERSION = 9.0.2;
				OTHER_CFLAGS = "$(inherited)";
				OTHER_CPLUSPLUSFLAGS = "$(inherited)";
				PRODUCT_BUNDLE_IDENTIFIER = com.vibesdr.app.watchkitapp;
				PRODUCT_NAME = "$(TARGET_NAME)";
				SDKROOT = watchos;
				SKIP_INSTALL = YES;
				SUPPORTED_PLATFORMS = "watchos watchsimulator";
				SWIFT_OBJC_BRIDGING_HEADER = "VibeSDRWatch/VibeSDRWatch-Bridging-Header.h";
				SWIFT_COMPILATION_MODE = wholemodule;
				SWIFT_VERSION = 5.0;
				TARGETED_DEVICE_FAMILY = 4;
				WATCHOS_DEPLOYMENT_TARGET = 26.0;
			};
			name = Release;
		};
		13B07F941A680F5B00A75B9A /* Debug */ = {
			isa = XCBuildConfiguration;
			baseConfigurationReference = BDE2697BFF3E4C598287A545 /* Pods-VibeSDR.debug.xcconfig */;
			buildSettings = {
				ASSETCATALOG_COMPILER_APPICON_NAME = AppIcon;
				CLANG_ENABLE_MODULES = YES;
				CODE_SIGN_ENTITLEMENTS = VibeSDR/VibeSDR.entitlements;
				CODE_SIGN_STYLE = Automatic;
				CURRENT_PROJECT_VERSION = 71;
				DEVELOPMENT_TEAM = 6PV2X6THHM;
				ENABLE_BITCODE = NO;
				GCC_PREPROCESSOR_DEFINITIONS = (
					"$(inherited)",
					"FB_SONARKIT_ENABLED=1",
				);
				INFOPLIST_FILE = VibeSDR/Info.plist;
				IPHONEOS_DEPLOYMENT_TARGET = 16.4;
				LD_RUNPATH_SEARCH_PATHS = (
					"$(inherited)",
					"@executable_path/Frameworks",
				);
				MACOSX_DEPLOYMENT_TARGET = 13.4;
				MARKETING_VERSION = 9.0.2;
				OTHER_LDFLAGS = (
					"$(inherited)",
					"-ObjC",
					"-lc++",
				);
				OTHER_SWIFT_FLAGS = "$(inherited) -D EXPO_CONFIGURATION_DEBUG";
				PRODUCT_BUNDLE_IDENTIFIER = com.vibesdr.app;
				PRODUCT_NAME = VibeSDR;
				SWIFT_OBJC_BRIDGING_HEADER = "VibeSDR/VibeSDR-Bridging-Header.h";
				SWIFT_OPTIMIZATION_LEVEL = "-Onone";
				SWIFT_VERSION = 5.0;
				TARGETED_DEVICE_FAMILY = "1,2";
				VERSIONING_SYSTEM = "apple-generic";
			};
			name = Debug;
		};
		13B07F951A680F5B00A75B9A /* Release */ = {
			isa = XCBuildConfiguration;
			baseConfigurationReference = A4E2299D81CB8EA18B6F9962 /* Pods-VibeSDR.release.xcconfig */;
			buildSettings = {
				ASSETCATALOG_COMPILER_APPICON_NAME = AppIcon;
				CLANG_ENABLE_MODULES = YES;
				CODE_SIGN_ENTITLEMENTS = VibeSDR/VibeSDR.entitlements;
				CODE_SIGN_STYLE = Automatic;
				CURRENT_PROJECT_VERSION = 71;
				DEVELOPMENT_TEAM = 6PV2X6THHM;
				INFOPLIST_FILE = VibeSDR/Info.plist;
				IPHONEOS_DEPLOYMENT_TARGET = 16.4;
				LD_RUNPATH_SEARCH_PATHS = (
					"$(inherited)",
					"@executable_path/Frameworks",
				);
				MACOSX_DEPLOYMENT_TARGET = 13.4;
				MARKETING_VERSION = 9.0.2;
				OTHER_LDFLAGS = (
					"$(inherited)",
					"-ObjC",
					"-lc++",
				);
				OTHER_SWIFT_FLAGS = "$(inherited) -D EXPO_CONFIGURATION_RELEASE";
				PRODUCT_BUNDLE_IDENTIFIER = com.vibesdr.app;
				PRODUCT_NAME = VibeSDR;
				SWIFT_OBJC_BRIDGING_HEADER = "VibeSDR/VibeSDR-Bridging-Header.h";
				SWIFT_VERSION = 5.0;
				TARGETED_DEVICE_FAMILY = "1,2";
				VERSIONING_SYSTEM = "apple-generic";
			};
			name = Release;
		};
		83CBBA201A601CBA00E9B192 /* Debug */ = {
			isa = XCBuildConfiguration;
			buildSettings = {
				ALWAYS_SEARCH_USER_PATHS = NO;
				CLANG_ANALYZER_LOCALIZABILITY_NONLOCALIZED = YES;
				CLANG_CXX_LANGUAGE_STANDARD = "c++20";
				CLANG_CXX_LIBRARY = "libc++";
				CLANG_ENABLE_MODULES = YES;
				CLANG_ENABLE_OBJC_ARC = YES;
				CLANG_WARN_BLOCK_CAPTURE_AUTORELEASING = YES;
				CLANG_WARN_BOOL_CONVERSION = YES;
				CLANG_WARN_COMMA = YES;
				CLANG_WARN_CONSTANT_CONVERSION = YES;
				CLANG_WARN_DEPRECATED_OBJC_IMPLEMENTATIONS = YES;
				CLANG_WARN_DIRECT_OBJC_ISA_USAGE = YES_ERROR;
				CLANG_WARN_EMPTY_BODY = YES;
				CLANG_WARN_ENUM_CONVERSION = YES;
				CLANG_WARN_INFINITE_RECURSION = YES;
				CLANG_WARN_INT_CONVERSION = YES;
				CLANG_WARN_NON_LITERAL_NULL_CONVERSION = YES;
				CLANG_WARN_OBJC_IMPLICIT_RETAIN_SELF = YES;
				CLANG_WARN_OBJC_LITERAL_CONVERSION = YES;
				CLANG_WARN_OBJC_ROOT_CLASS = YES_ERROR;
				CLANG_WARN_RANGE_LOOP_ANALYSIS = YES;
				CLANG_WARN_STRICT_PROTOTYPES = YES;
				CLANG_WARN_SUSPICIOUS_MOVE = YES;
				CLANG_WARN_UNREACHABLE_CODE = YES;
				CLANG_WARN__DUPLICATE_METHOD_MATCH = YES;
				"CODE_SIGN_IDENTITY[sdk=iphoneos*]" = "iPhone Developer";
				COPY_PHASE_STRIP = NO;
				ENABLE_STRICT_OBJC_MSGSEND = YES;
				ENABLE_TESTABILITY = YES;
				GCC_C_LANGUAGE_STANDARD = gnu99;
				GCC_DYNAMIC_NO_PIC = NO;
				GCC_NO_COMMON_BLOCKS = YES;
				GCC_OPTIMIZATION_LEVEL = 0;
				GCC_PREPROCESSOR_DEFINITIONS = (
					"DEBUG=1",
					"$(inherited)",
				);
				GCC_SYMBOLS_PRIVATE_EXTERN = NO;
				GCC_WARN_64_TO_32_BIT_CONVERSION = YES;
				GCC_WARN_ABOUT_RETURN_TYPE = YES_ERROR;
				GCC_WARN_UNDECLARED_SELECTOR = YES;
				GCC_WARN_UNINITIALIZED_AUTOS = YES_AGGRESSIVE;
				GCC_WARN_UNUSED_FUNCTION = YES;
				GCC_WARN_UNUSED_VARIABLE = YES;
				IPHONEOS_DEPLOYMENT_TARGET = 16.4;
				LD_RUNPATH_SEARCH_PATHS = (
					/usr/lib/swift,
					"$(inherited)",
				);
				LIBRARY_SEARCH_PATHS = "$(SDKROOT)/usr/lib/swift\"$(inherited)\"";
				MTL_ENABLE_DEBUG_INFO = YES;
				ONLY_ACTIVE_ARCH = YES;
				OTHER_CFLAGS = (
					"$(inherited)",
					"-DRCT_REMOVE_LEGACY_ARCH=1",
				);
				OTHER_CPLUSPLUSFLAGS = (
					"$(inherited)",
					"-DRCT_REMOVE_LEGACY_ARCH=1",
				);
				PODFILE_DIR = "$(SRCROOT)";
				REACT_NATIVE_PATH = "${PODS_ROOT}/../../node_modules/react-native";
				SDKROOT = iphoneos;
				SWIFT_ACTIVE_COMPILATION_CONDITIONS = "$(inherited) DEBUG";
				SWIFT_ENABLE_EXPLICIT_MODULES = NO;
				USE_HERMES = true;
			};
			name = Debug;
		};
		83CBBA211A601CBA00E9B192 /* Release */ = {
			isa = XCBuildConfiguration;
			buildSettings = {
				ALWAYS_SEARCH_USER_PATHS = NO;
				CLANG_ANALYZER_LOCALIZABILITY_NONLOCALIZED = YES;
				CLANG_CXX_LANGUAGE_STANDARD = "c++20";
				CLANG_CXX_LIBRARY = "libc++";
				CLANG_ENABLE_MODULES = YES;
				CLANG_ENABLE_OBJC_ARC = YES;
				CLANG_WARN_BLOCK_CAPTURE_AUTORELEASING = YES;
				CLANG_WARN_BOOL_CONVERSION = YES;
				CLANG_WARN_COMMA = YES;
				CLANG_WARN_CONSTANT_CONVERSION = YES;
				CLANG_WARN_DEPRECATED_OBJC_IMPLEMENTATIONS = YES;
				CLANG_WARN_DIRECT_OBJC_ISA_USAGE = YES_ERROR;
				CLANG_WARN_EMPTY_BODY = YES;
				CLANG_WARN_ENUM_CONVERSION = YES;
				CLANG_WARN_INFINITE_RECURSION = YES;
				CLANG_WARN_INT_CONVERSION = YES;
				CLANG_WARN_NON_LITERAL_NULL_CONVERSION = YES;
				CLANG_WARN_OBJC_IMPLICIT_RETAIN_SELF = YES;
				CLANG_WARN_OBJC_LITERAL_CONVERSION = YES;
				CLANG_WARN_OBJC_ROOT_CLASS = YES_ERROR;
				CLANG_WARN_RANGE_LOOP_ANALYSIS = YES;
				CLANG_WARN_STRICT_PROTOTYPES = YES;
				CLANG_WARN_SUSPICIOUS_MOVE = YES;
				CLANG_WARN_UNREACHABLE_CODE = YES;
				CLANG_WARN__DUPLICATE_METHOD_MATCH = YES;
				"CODE_SIGN_IDENTITY[sdk=iphoneos*]" = "iPhone Developer";
				COPY_PHASE_STRIP = YES;
				ENABLE_NS_ASSERTIONS = NO;
				ENABLE_STRICT_OBJC_MSGSEND = YES;
				GCC_C_LANGUAGE_STANDARD = gnu99;
				GCC_NO_COMMON_BLOCKS = YES;
				GCC_WARN_64_TO_32_BIT_CONVERSION = YES;
				GCC_WARN_ABOUT_RETURN_TYPE = YES_ERROR;
				GCC_WARN_UNDECLARED_SELECTOR = YES;
				GCC_WARN_UNINITIALIZED_AUTOS = YES_AGGRESSIVE;
				GCC_WARN_UNUSED_FUNCTION = YES;
				GCC_WARN_UNUSED_VARIABLE = YES;
				IPHONEOS_DEPLOYMENT_TARGET = 16.4;
				LD_RUNPATH_SEARCH_PATHS = (
					/usr/lib/swift,
					"$(inherited)",
				);
				LIBRARY_SEARCH_PATHS = "$(SDKROOT)/usr/lib/swift\"$(inherited)\"";
				MTL_ENABLE_DEBUG_INFO = NO;
				OTHER_CFLAGS = (
					"$(inherited)",
					"-DRCT_REMOVE_LEGACY_ARCH=1",
				);
				OTHER_CPLUSPLUSFLAGS = (
					"$(inherited)",
					"-DRCT_REMOVE_LEGACY_ARCH=1",
				);
				PODFILE_DIR = "$(SRCROOT)";
				REACT_NATIVE_PATH = "${PODS_ROOT}/../../node_modules/react-native";
				SDKROOT = iphoneos;
				SWIFT_ENABLE_EXPLICIT_MODULES = NO;
				USE_HERMES = true;
				VALIDATE_PRODUCT = YES;
			};
			name = Release;
		};
/* End XCBuildConfiguration section */

/* Begin XCConfigurationList section */
		AA000002000000000000CC07 /* Build configuration list for PBXNativeTarget "VibeSDRWatch" */ = {
			isa = XCConfigurationList;
			buildConfigurations = (
				AA000002000000000000CC08 /* Debug */,
				AA000002000000000000CC09 /* Release */,
			);
			defaultConfigurationIsVisible = 0;
			defaultConfigurationName = Release;
		};
		13B07F931A680F5B00A75B9A /* Build configuration list for PBXNativeTarget "VibeSDR" */ = {
			isa = XCConfigurationList;
			buildConfigurations = (
				13B07F941A680F5B00A75B9A /* Debug */,
				13B07F951A680F5B00A75B9A /* Release */,
			);
			defaultConfigurationIsVisible = 0;
			defaultConfigurationName = Release;
		};
		83CBB9FA1A601CBA00E9B192 /* Build configuration list for PBXProject "VibeSDR" */ = {
			isa = XCConfigurationList;
			buildConfigurations = (
				83CBBA201A601CBA00E9B192 /* Debug */,
				83CBBA211A601CBA00E9B192 /* Release */,
			);
			defaultConfigurationIsVisible = 0;
			defaultConfigurationName = Release;
		};
/* End XCConfigurationList section */
	};
	rootObject = 83CBB9F71A601CBA00E9B192 /* Project object */;
}
